// !$*UTF8*$!
{
	archiveVersion = 1;
	classes = {
	};
	objectVersion = 46;
	objects = {

/* Begin PBXBuildFile section */
		0734533F1BB8693A00BC08A4 /* SettingTableViewController.swift in Sources */ = {isa = PBXBuildFile; fileRef = 0734533E1BB8693A00BC08A4 /* SettingTableViewController.swift */; settings = {ASSET_TAGS = (); }; };
		073FAD371BB7536000DEF3BA /* Main.storyboard in Resources */ = {isa = PBXBuildFile; fileRef = 073FAD351BB7536000DEF3BA /* Main.storyboard */; };
		073FAD391BB7536000DEF3BA /* Assets.xcassets in Resources */ = {isa = PBXBuildFile; fileRef = 073FAD381BB7536000DEF3BA /* Assets.xcassets */; };
		073FAD3C1BB7536000DEF3BA /* LaunchScreen.storyboard in Resources */ = {isa = PBXBuildFile; fileRef = 073FAD3A1BB7536000DEF3BA /* LaunchScreen.storyboard */; };
		073FAD471BB7536100DEF3BA /* TinyCalTests.swift in Sources */ = {isa = PBXBuildFile; fileRef = 073FAD461BB7536100DEF3BA /* TinyCalTests.swift */; };
		073FAD521BB7536100DEF3BA /* TinyCalUITests.swift in Sources */ = {isa = PBXBuildFile; fileRef = 073FAD511BB7536100DEF3BA /* TinyCalUITests.swift */; };
		074C4FF51BBCABF3009F1A82 /* xjlFont.ttf in Resources */ = {isa = PBXBuildFile; fileRef = 07C79C561BBCA75F00DC4BF5 /* xjlFont.ttf */; settings = {ASSET_TAGS = (); }; };
		075004051BC10F39004C5A93 /* RAMBounceAnimation.swift in Sources */ = {isa = PBXBuildFile; fileRef = 075003FA1BC10F39004C5A93 /* RAMBounceAnimation.swift */; settings = {ASSET_TAGS = (); }; };
		075004061BC10F39004C5A93 /* RAMFrameItemAnimation.swift in Sources */ = {isa = PBXBuildFile; fileRef = 075003FC1BC10F39004C5A93 /* RAMFrameItemAnimation.swift */; settings = {ASSET_TAGS = (); }; };
		075004071BC10F39004C5A93 /* RAMFumeAnimation.swift in Sources */ = {isa = PBXBuildFile; fileRef = 075003FE1BC10F39004C5A93 /* RAMFumeAnimation.swift */; settings = {ASSET_TAGS = (); }; };
		075004081BC10F39004C5A93 /* RAMRotationAnimation.swift in Sources */ = {isa = PBXBuildFile; fileRef = 075004001BC10F39004C5A93 /* RAMRotationAnimation.swift */; settings = {ASSET_TAGS = (); }; };
		075004091BC10F39004C5A93 /* RAMTransitionItemAnimation.swift in Sources */ = {isa = PBXBuildFile; fileRef = 075004021BC10F39004C5A93 /* RAMTransitionItemAnimation.swift */; settings = {ASSET_TAGS = (); }; };
		0750040A1BC10F39004C5A93 /* RAMAnimatedTabBarController.swift in Sources */ = {isa = PBXBuildFile; fileRef = 075004031BC10F39004C5A93 /* RAMAnimatedTabBarController.swift */; settings = {ASSET_TAGS = (); }; };
		0750040B1BC10F39004C5A93 /* RAMItemAnimationProtocol.swift in Sources */ = {isa = PBXBuildFile; fileRef = 075004041BC10F39004C5A93 /* RAMItemAnimationProtocol.swift */; settings = {ASSET_TAGS = (); }; };
		077E67181BC5AAF800EEEF87 /* StatsViewController.swift in Sources */ = {isa = PBXBuildFile; fileRef = 077E67171BC5AAF800EEEF87 /* StatsViewController.swift */; settings = {ASSET_TAGS = (); }; };
		078755D71BB8739200C4DD6B /* CalendarViewController.swift in Sources */ = {isa = PBXBuildFile; fileRef = 078755D61BB8739200C4DD6B /* CalendarViewController.swift */; settings = {ASSET_TAGS = (); }; };
		079CDD2C1BB7867E0007B7F9 /* DiaryViewController.swift in Sources */ = {isa = PBXBuildFile; fileRef = 079CDD2B1BB7867E0007B7F9 /* DiaryViewController.swift */; settings = {ASSET_TAGS = (); }; };
		079CDD2E1BB786CE0007B7F9 /* WriteNewViewController.swift in Sources */ = {isa = PBXBuildFile; fileRef = 079CDD2D1BB786CE0007B7F9 /* WriteNewViewController.swift */; settings = {ASSET_TAGS = (); }; };
		079CDD301BB860470007B7F9 /* ProfileTableViewController.swift in Sources */ = {isa = PBXBuildFile; fileRef = 079CDD2F1BB860470007B7F9 /* ProfileTableViewController.swift */; settings = {ASSET_TAGS = (); }; };
		07A7B2A61BC84E5700B42CCB /* DiaryDetailCellScrollViewController.swift in Sources */ = {isa = PBXBuildFile; fileRef = 07A7B2A51BC84E5700B42CCB /* DiaryDetailCellScrollViewController.swift */; settings = {ASSET_TAGS = (); }; };
		07AD859E1BBB41DF007F1176 /* ChatBubbleCellData.swift in Sources */ = {isa = PBXBuildFile; fileRef = 07AD85991BBB41DF007F1176 /* ChatBubbleCellData.swift */; settings = {ASSET_TAGS = (); }; };
		07AD859F1BBB41DF007F1176 /* ChatBubbleMessage.swift in Sources */ = {isa = PBXBuildFile; fileRef = 07AD859A1BBB41DF007F1176 /* ChatBubbleMessage.swift */; settings = {ASSET_TAGS = (); }; };
		07AD85A01BBB41DF007F1176 /* UIChatBubbleTableViewCell.swift in Sources */ = {isa = PBXBuildFile; fileRef = 07AD859B1BBB41DF007F1176 /* UIChatBubbleTableViewCell.swift */; settings = {ASSET_TAGS = (); }; };
		07AD85A11BBB41DF007F1176 /* UIChatBubbleTableViewCell.xib in Resources */ = {isa = PBXBuildFile; fileRef = 07AD859C1BBB41DF007F1176 /* UIChatBubbleTableViewCell.xib */; settings = {ASSET_TAGS = (); }; };
		07BD368C1BBCF008008057D4 /* HYChenMeiZiJ.ttf in Resources */ = {isa = PBXBuildFile; fileRef = 07BD368B1BBCF008008057D4 /* HYChenMeiZiJ.ttf */; settings = {ASSET_TAGS = (); }; };
		07BD368E1BBCF015008057D4 /* HYPPTiJ.ttf in Resources */ = {isa = PBXBuildFile; fileRef = 07BD368D1BBCF015008057D4 /* HYPPTiJ.ttf */; settings = {ASSET_TAGS = (); }; };
		07BD36901BBCF023008057D4 /* HYXiaoMaiTiJ.ttf in Resources */ = {isa = PBXBuildFile; fileRef = 07BD368F1BBCF023008057D4 /* HYXiaoMaiTiJ.ttf */; settings = {ASSET_TAGS = (); }; };
		07BD36921BBCF438008057D4 /* FZMiaoWu.ttf in Resources */ = {isa = PBXBuildFile; fileRef = 07BD36911BBCF438008057D4 /* FZMiaoWu.ttf */; settings = {ASSET_TAGS = (); }; };
		07C58A641BC09BAC00C13D7E /* ZMButtonAppDelegate.swift in Sources */ = {isa = PBXBuildFile; fileRef = 07C58A631BC09BAC00C13D7E /* ZMButtonAppDelegate.swift */; settings = {ASSET_TAGS = (); }; };
		07C58A661BC09BB200C13D7E /* AMButtonViewController.swift in Sources */ = {isa = PBXBuildFile; fileRef = 07C58A651BC09BB200C13D7E /* AMButtonViewController.swift */; settings = {ASSET_TAGS = (); }; };
		07C58A681BC09BB800C13D7E /* ZMaterialButton.swift in Sources */ = {isa = PBXBuildFile; fileRef = 07C58A671BC09BB800C13D7E /* ZMaterialButton.swift */; settings = {ASSET_TAGS = (); }; };
		07C79C551BBC7CCA00DC4BF5 /* DiaryDataModel.xcdatamodeld in Sources */ = {isa = PBXBuildFile; fileRef = 07C79C531BBC7CCA00DC4BF5 /* DiaryDataModel.xcdatamodeld */; settings = {ASSET_TAGS = (); }; };
		07E282401BBE7840003FB7A5 /* DataController.swift in Sources */ = {isa = PBXBuildFile; fileRef = 07E2823F1BBE7840003FB7A5 /* DataController.swift */; settings = {ASSET_TAGS = (); }; };
		07E282431BBE8738003FB7A5 /* DiaryEntryMO+CoreDataProperties.swift in Sources */ = {isa = PBXBuildFile; fileRef = 07E282411BBE8738003FB7A5 /* DiaryEntryMO+CoreDataProperties.swift */; settings = {ASSET_TAGS = (); }; };
		07E282441BBE8738003FB7A5 /* DiaryEntryMO.swift in Sources */ = {isa = PBXBuildFile; fileRef = 07E282421BBE8738003FB7A5 /* DiaryEntryMO.swift */; settings = {ASSET_TAGS = (); }; };
		DB92245B7EC02BFB4D3F3341 /* Pods_TinyCal.framework in Frameworks */ = {isa = PBXBuildFile; fileRef = E72E39C164D444626E6B32E9 /* Pods_TinyCal.framework */; settings = {ATTRIBUTES = (Weak, ); }; };
/* End PBXBuildFile section */

/* Begin PBXContainerItemProxy section */
		073FAD431BB7536100DEF3BA /* PBXContainerItemProxy */ = {
			isa = PBXContainerItemProxy;
			containerPortal = 073FAD261BB7536000DEF3BA /* Project object */;
			proxyType = 1;
			remoteGlobalIDString = 073FAD2D1BB7536000DEF3BA;
			remoteInfo = TinyCal;
		};
		073FAD4E1BB7536100DEF3BA /* PBXContainerItemProxy */ = {
			isa = PBXContainerItemProxy;
			containerPortal = 073FAD261BB7536000DEF3BA /* Project object */;
			proxyType = 1;
			remoteGlobalIDString = 073FAD2D1BB7536000DEF3BA;
			remoteInfo = TinyCal;
		};
/* End PBXContainerItemProxy section */

/* Begin PBXFileReference section */
		0734533E1BB8693A00BC08A4 /* SettingTableViewController.swift */ = {isa = PBXFileReference; fileEncoding = 4; lastKnownFileType = sourcecode.swift; path = SettingTableViewController.swift; sourceTree = "<group>"; };
		07371B8D1BC3A20D007FC3EF /* Charts.framework */ = {isa = PBXFileReference; lastKnownFileType = wrapper.framework; name = Charts.framework; path = "build/Debug-iphoneos/Charts.framework"; sourceTree = "<group>"; };
		07371B8F1BC3A2CC007FC3EF /* Charts.framework */ = {isa = PBXFileReference; lastKnownFileType = wrapper.framework; name = Charts.framework; path = "build/Debug-iphoneos/Charts.framework"; sourceTree = "<group>"; };
		073FAD2E1BB7536000DEF3BA /* TinyDiary.app */ = {isa = PBXFileReference; explicitFileType = wrapper.application; includeInIndex = 0; path = TinyDiary.app; sourceTree = BUILT_PRODUCTS_DIR; };
		073FAD361BB7536000DEF3BA /* Base */ = {isa = PBXFileReference; lastKnownFileType = file.storyboard; name = Base; path = Base.lproj/Main.storyboard; sourceTree = "<group>"; };
		073FAD381BB7536000DEF3BA /* Assets.xcassets */ = {isa = PBXFileReference; lastKnownFileType = folder.assetcatalog; path = Assets.xcassets; sourceTree = "<group>"; };
		073FAD3B1BB7536000DEF3BA /* Base */ = {isa = PBXFileReference; lastKnownFileType = file.storyboard; name = Base; path = Base.lproj/LaunchScreen.storyboard; sourceTree = "<group>"; };
		073FAD3D1BB7536000DEF3BA /* Info.plist */ = {isa = PBXFileReference; lastKnownFileType = text.plist.xml; path = Info.plist; sourceTree = "<group>"; };
		073FAD421BB7536100DEF3BA /* TinyCalTests.xctest */ = {isa = PBXFileReference; explicitFileType = wrapper.cfbundle; includeInIndex = 0; path = TinyCalTests.xctest; sourceTree = BUILT_PRODUCTS_DIR; };
		073FAD461BB7536100DEF3BA /* TinyCalTests.swift */ = {isa = PBXFileReference; lastKnownFileType = sourcecode.swift; path = TinyCalTests.swift; sourceTree = "<group>"; };
		073FAD481BB7536100DEF3BA /* Info.plist */ = {isa = PBXFileReference; lastKnownFileType = text.plist.xml; path = Info.plist; sourceTree = "<group>"; };
		073FAD4D1BB7536100DEF3BA /* TinyCalUITests.xctest */ = {isa = PBXFileReference; explicitFileType = wrapper.cfbundle; includeInIndex = 0; path = TinyCalUITests.xctest; sourceTree = BUILT_PRODUCTS_DIR; };
		073FAD511BB7536100DEF3BA /* TinyCalUITests.swift */ = {isa = PBXFileReference; lastKnownFileType = sourcecode.swift; path = TinyCalUITests.swift; sourceTree = "<group>"; };
		073FAD531BB7536100DEF3BA /* Info.plist */ = {isa = PBXFileReference; lastKnownFileType = text.plist.xml; path = Info.plist; sourceTree = "<group>"; };
		075003FA1BC10F39004C5A93 /* RAMBounceAnimation.swift */ = {isa = PBXFileReference; fileEncoding = 4; lastKnownFileType = sourcecode.swift; path = RAMBounceAnimation.swift; sourceTree = "<group>"; };
		075003FC1BC10F39004C5A93 /* RAMFrameItemAnimation.swift */ = {isa = PBXFileReference; fileEncoding = 4; lastKnownFileType = sourcecode.swift; path = RAMFrameItemAnimation.swift; sourceTree = "<group>"; };
		075003FE1BC10F39004C5A93 /* RAMFumeAnimation.swift */ = {isa = PBXFileReference; fileEncoding = 4; lastKnownFileType = sourcecode.swift; path = RAMFumeAnimation.swift; sourceTree = "<group>"; };
		075004001BC10F39004C5A93 /* RAMRotationAnimation.swift */ = {isa = PBXFileReference; fileEncoding = 4; lastKnownFileType = sourcecode.swift; path = RAMRotationAnimation.swift; sourceTree = "<group>"; };
		075004021BC10F39004C5A93 /* RAMTransitionItemAnimation.swift */ = {isa = PBXFileReference; fileEncoding = 4; lastKnownFileType = sourcecode.swift; path = RAMTransitionItemAnimation.swift; sourceTree = "<group>"; };
		075004031BC10F39004C5A93 /* RAMAnimatedTabBarController.swift */ = {isa = PBXFileReference; fileEncoding = 4; lastKnownFileType = sourcecode.swift; path = RAMAnimatedTabBarController.swift; sourceTree = "<group>"; };
		075004041BC10F39004C5A93 /* RAMItemAnimationProtocol.swift */ = {isa = PBXFileReference; fileEncoding = 4; lastKnownFileType = sourcecode.swift; path = RAMItemAnimationProtocol.swift; sourceTree = "<group>"; };
		077E67171BC5AAF800EEEF87 /* StatsViewController.swift */ = {isa = PBXFileReference; fileEncoding = 4; lastKnownFileType = sourcecode.swift; path = StatsViewController.swift; sourceTree = "<group>"; };
		078755D61BB8739200C4DD6B /* CalendarViewController.swift */ = {isa = PBXFileReference; fileEncoding = 4; lastKnownFileType = sourcecode.swift; path = CalendarViewController.swift; sourceTree = "<group>"; };
		079CDD2B1BB7867E0007B7F9 /* DiaryViewController.swift */ = {isa = PBXFileReference; fileEncoding = 4; lastKnownFileType = sourcecode.swift; path = DiaryViewController.swift; sourceTree = "<group>"; };
		079CDD2D1BB786CE0007B7F9 /* WriteNewViewController.swift */ = {isa = PBXFileReference; fileEncoding = 4; lastKnownFileType = sourcecode.swift; path = WriteNewViewController.swift; sourceTree = "<group>"; };
		079CDD2F1BB860470007B7F9 /* ProfileTableViewController.swift */ = {isa = PBXFileReference; fileEncoding = 4; lastKnownFileType = sourcecode.swift; path = ProfileTableViewController.swift; sourceTree = "<group>"; };
		07A7B2A51BC84E5700B42CCB /* DiaryDetailCellScrollViewController.swift */ = {isa = PBXFileReference; fileEncoding = 4; lastKnownFileType = sourcecode.swift; path = DiaryDetailCellScrollViewController.swift; sourceTree = "<group>"; };
		07AD85991BBB41DF007F1176 /* ChatBubbleCellData.swift */ = {isa = PBXFileReference; fileEncoding = 4; lastKnownFileType = sourcecode.swift; path = ChatBubbleCellData.swift; sourceTree = "<group>"; };
		07AD859A1BBB41DF007F1176 /* ChatBubbleMessage.swift */ = {isa = PBXFileReference; fileEncoding = 4; lastKnownFileType = sourcecode.swift; path = ChatBubbleMessage.swift; sourceTree = "<group>"; };
		07AD859B1BBB41DF007F1176 /* UIChatBubbleTableViewCell.swift */ = {isa = PBXFileReference; fileEncoding = 4; lastKnownFileType = sourcecode.swift; path = UIChatBubbleTableViewCell.swift; sourceTree = "<group>"; };
		07AD859C1BBB41DF007F1176 /* UIChatBubbleTableViewCell.xib */ = {isa = PBXFileReference; fileEncoding = 4; lastKnownFileType = file.xib; path = UIChatBubbleTableViewCell.xib; sourceTree = "<group>"; };
		07BD368B1BBCF008008057D4 /* HYChenMeiZiJ.ttf */ = {isa = PBXFileReference; lastKnownFileType = file; path = HYChenMeiZiJ.ttf; sourceTree = "<group>"; };
		07BD368D1BBCF015008057D4 /* HYPPTiJ.ttf */ = {isa = PBXFileReference; lastKnownFileType = file; path = HYPPTiJ.ttf; sourceTree = "<group>"; };
		07BD368F1BBCF023008057D4 /* HYXiaoMaiTiJ.ttf */ = {isa = PBXFileReference; lastKnownFileType = file; path = HYXiaoMaiTiJ.ttf; sourceTree = "<group>"; };
		07BD36911BBCF438008057D4 /* FZMiaoWu.ttf */ = {isa = PBXFileReference; lastKnownFileType = file; path = FZMiaoWu.ttf; sourceTree = "<group>"; };
		07C58A631BC09BAC00C13D7E /* ZMButtonAppDelegate.swift */ = {isa = PBXFileReference; fileEncoding = 4; lastKnownFileType = sourcecode.swift; path = ZMButtonAppDelegate.swift; sourceTree = "<group>"; };
		07C58A651BC09BB200C13D7E /* AMButtonViewController.swift */ = {isa = PBXFileReference; fileEncoding = 4; lastKnownFileType = sourcecode.swift; path = AMButtonViewController.swift; sourceTree = "<group>"; };
		07C58A671BC09BB800C13D7E /* ZMaterialButton.swift */ = {isa = PBXFileReference; fileEncoding = 4; lastKnownFileType = sourcecode.swift; path = ZMaterialButton.swift; sourceTree = "<group>"; };
		07C79C541BBC7CCA00DC4BF5 /* DiaryDataModel.xcdatamodel */ = {isa = PBXFileReference; lastKnownFileType = wrapper.xcdatamodel; path = DiaryDataModel.xcdatamodel; sourceTree = "<group>"; };
		07C79C561BBCA75F00DC4BF5 /* xjlFont.ttf */ = {isa = PBXFileReference; lastKnownFileType = file; path = xjlFont.ttf; sourceTree = "<group>"; };
		07E2823F1BBE7840003FB7A5 /* DataController.swift */ = {isa = PBXFileReference; fileEncoding = 4; lastKnownFileType = sourcecode.swift; path = DataController.swift; sourceTree = "<group>"; };
		07E282411BBE8738003FB7A5 /* DiaryEntryMO+CoreDataProperties.swift */ = {isa = PBXFileReference; fileEncoding = 4; lastKnownFileType = sourcecode.swift; path = "DiaryEntryMO+CoreDataProperties.swift"; sourceTree = "<group>"; };
		07E282421BBE8738003FB7A5 /* DiaryEntryMO.swift */ = {isa = PBXFileReference; fileEncoding = 4; lastKnownFileType = sourcecode.swift; path = DiaryEntryMO.swift; sourceTree = "<group>"; };
		0C5DE0B3E6BE28CD31A380DF /* Pods-TinyCal.release.xcconfig */ = {isa = PBXFileReference; includeInIndex = 1; lastKnownFileType = text.xcconfig; name = "Pods-TinyCal.release.xcconfig"; path = "Pods/Target Support Files/Pods-TinyCal/Pods-TinyCal.release.xcconfig"; sourceTree = "<group>"; };
		494AA6291C5B85F12D29892A /* Pods-TinyCal.debug.xcconfig */ = {isa = PBXFileReference; includeInIndex = 1; lastKnownFileType = text.xcconfig; name = "Pods-TinyCal.debug.xcconfig"; path = "Pods/Target Support Files/Pods-TinyCal/Pods-TinyCal.debug.xcconfig"; sourceTree = "<group>"; };
		E72E39C164D444626E6B32E9 /* Pods_TinyCal.framework */ = {isa = PBXFileReference; explicitFileType = wrapper.framework; includeInIndex = 0; path = Pods_TinyCal.framework; sourceTree = BUILT_PRODUCTS_DIR; };
/* End PBXFileReference section */

/* Begin PBXFrameworksBuildPhase section */
		073FAD2B1BB7536000DEF3BA /* Frameworks */ = {
			isa = PBXFrameworksBuildPhase;
			buildActionMask = 2147483647;
			files = (
				DB92245B7EC02BFB4D3F3341 /* Pods_TinyCal.framework in Frameworks */,
			);
			runOnlyForDeploymentPostprocessing = 0;
		};
		073FAD3F1BB7536100DEF3BA /* Frameworks */ = {
			isa = PBXFrameworksBuildPhase;
			buildActionMask = 2147483647;
			files = (
			);
			runOnlyForDeploymentPostprocessing = 0;
		};
		073FAD4A1BB7536100DEF3BA /* Frameworks */ = {
			isa = PBXFrameworksBuildPhase;
			buildActionMask = 2147483647;
			files = (
			);
			runOnlyForDeploymentPostprocessing = 0;
		};
/* End PBXFrameworksBuildPhase section */

/* Begin PBXGroup section */
		073FAD251BB7536000DEF3BA = {
			isa = PBXGroup;
			children = (
				073FAD301BB7536000DEF3BA /* TinyCal */,
				073FAD451BB7536100DEF3BA /* TinyCalTests */,
				073FAD501BB7536100DEF3BA /* TinyCalUITests */,
				073FAD2F1BB7536000DEF3BA /* Products */,
				CABD6810D6D80EF911FACCCA /* Pods */,
				45ECB966457EF0F6FA753DA1 /* Frameworks */,
			);
			sourceTree = "<group>";
		};
		073FAD2F1BB7536000DEF3BA /* Products */ = {
			isa = PBXGroup;
			children = (
				073FAD2E1BB7536000DEF3BA /* TinyDiary.app */,
				073FAD421BB7536100DEF3BA /* TinyCalTests.xctest */,
				073FAD4D1BB7536100DEF3BA /* TinyCalUITests.xctest */,
			);
			name = Products;
			sourceTree = "<group>";
		};
		073FAD301BB7536000DEF3BA /* TinyCal */ = {
			isa = PBXGroup;
			children = (
				073FAD351BB7536000DEF3BA /* Main.storyboard */,
				07C5FBBA1BB89C7A00BE7A8A /* View Controllers */,
				07BD368A1BBCEFF4008057D4 /* Fonts */,
				07DFC63C1BBF0F310072FEFA /* Supporting Document */,
			);
			path = TinyCal;
			sourceTree = "<group>";
		};
		073FAD451BB7536100DEF3BA /* TinyCalTests */ = {
			isa = PBXGroup;
			children = (
				073FAD461BB7536100DEF3BA /* TinyCalTests.swift */,
				073FAD481BB7536100DEF3BA /* Info.plist */,
			);
			path = TinyCalTests;
			sourceTree = "<group>";
		};
		073FAD501BB7536100DEF3BA /* TinyCalUITests */ = {
			isa = PBXGroup;
			children = (
				073FAD511BB7536100DEF3BA /* TinyCalUITests.swift */,
				073FAD531BB7536100DEF3BA /* Info.plist */,
			);
			path = TinyCalUITests;
			sourceTree = "<group>";
		};
		075003F71BC10F39004C5A93 /* RAMAnimatedTabBarController */ = {
			isa = PBXGroup;
			children = (
				075003F81BC10F39004C5A93 /* Animations */,
				075004031BC10F39004C5A93 /* RAMAnimatedTabBarController.swift */,
				075004041BC10F39004C5A93 /* RAMItemAnimationProtocol.swift */,
			);
			path = RAMAnimatedTabBarController;
			sourceTree = "<group>";
		};
		075003F81BC10F39004C5A93 /* Animations */ = {
			isa = PBXGroup;
			children = (
				075003F91BC10F39004C5A93 /* BounceAnimation */,
				075003FB1BC10F39004C5A93 /* FrameAnimation */,
				075003FD1BC10F39004C5A93 /* FumeAnimation */,
				075003FF1BC10F39004C5A93 /* RotationAnimation */,
				075004011BC10F39004C5A93 /* TransitionAniamtions */,
			);
			path = Animations;
			sourceTree = "<group>";
		};
		075003F91BC10F39004C5A93 /* BounceAnimation */ = {
			isa = PBXGroup;
			children = (
				075003FA1BC10F39004C5A93 /* RAMBounceAnimation.swift */,
			);
			path = BounceAnimation;
			sourceTree = "<group>";
		};
		075003FB1BC10F39004C5A93 /* FrameAnimation */ = {
			isa = PBXGroup;
			children = (
				075003FC1BC10F39004C5A93 /* RAMFrameItemAnimation.swift */,
			);
			path = FrameAnimation;
			sourceTree = "<group>";
		};
		075003FD1BC10F39004C5A93 /* FumeAnimation */ = {
			isa = PBXGroup;
			children = (
				075003FE1BC10F39004C5A93 /* RAMFumeAnimation.swift */,
			);
			path = FumeAnimation;
			sourceTree = "<group>";
		};
		075003FF1BC10F39004C5A93 /* RotationAnimation */ = {
			isa = PBXGroup;
			children = (
				075004001BC10F39004C5A93 /* RAMRotationAnimation.swift */,
			);
			path = RotationAnimation;
			sourceTree = "<group>";
		};
		075004011BC10F39004C5A93 /* TransitionAniamtions */ = {
			isa = PBXGroup;
			children = (
				075004021BC10F39004C5A93 /* RAMTransitionItemAnimation.swift */,
			);
			path = TransitionAniamtions;
			sourceTree = "<group>";
		};
		07AD85981BBB4187007F1176 /* DiaryCellView */ = {
			isa = PBXGroup;
			children = (
				07AD859A1BBB41DF007F1176 /* ChatBubbleMessage.swift */,
				07AD85991BBB41DF007F1176 /* ChatBubbleCellData.swift */,
				07AD859B1BBB41DF007F1176 /* UIChatBubbleTableViewCell.swift */,
				07AD859C1BBB41DF007F1176 /* UIChatBubbleTableViewCell.xib */,
			);
			name = DiaryCellView;
			sourceTree = "<group>";
		};
		07BD368A1BBCEFF4008057D4 /* Fonts */ = {
			isa = PBXGroup;
			children = (
				07C79C561BBCA75F00DC4BF5 /* xjlFont.ttf */,
				07BD368B1BBCF008008057D4 /* HYChenMeiZiJ.ttf */,
				07BD368D1BBCF015008057D4 /* HYPPTiJ.ttf */,
				07BD36911BBCF438008057D4 /* FZMiaoWu.ttf */,
				07BD368F1BBCF023008057D4 /* HYXiaoMaiTiJ.ttf */,
			);
			name = Fonts;
			sourceTree = "<group>";
		};
		07C58A621BC0951900C13D7E /* Button */ = {
			isa = PBXGroup;
			children = (
				07C58A631BC09BAC00C13D7E /* ZMButtonAppDelegate.swift */,
				07C58A651BC09BB200C13D7E /* AMButtonViewController.swift */,
				07C58A671BC09BB800C13D7E /* ZMaterialButton.swift */,
			);
			name = Button;
			sourceTree = "<group>";
		};
		07C5FBBA1BB89C7A00BE7A8A /* View Controllers */ = {
			isa = PBXGroup;
			children = (
				079CDD2B1BB7867E0007B7F9 /* DiaryViewController.swift */,
				07A7B2A51BC84E5700B42CCB /* DiaryDetailCellScrollViewController.swift */,
				079CDD2D1BB786CE0007B7F9 /* WriteNewViewController.swift */,
				078755D61BB8739200C4DD6B /* CalendarViewController.swift */,
				077E67171BC5AAF800EEEF87 /* StatsViewController.swift */,
				079CDD2F1BB860470007B7F9 /* ProfileTableViewController.swift */,
				0734533E1BB8693A00BC08A4 /* SettingTableViewController.swift */,
				07AD85981BBB4187007F1176 /* DiaryCellView */,
				07C58A621BC0951900C13D7E /* Button */,
				075003F71BC10F39004C5A93 /* RAMAnimatedTabBarController */,
			);
			name = "View Controllers";
			sourceTree = "<group>";
		};
		07DFC63C1BBF0F310072FEFA /* Supporting Document */ = {
			isa = PBXGroup;
			children = (
				073FAD381BB7536000DEF3BA /* Assets.xcassets */,
				07C79C531BBC7CCA00DC4BF5 /* DiaryDataModel.xcdatamodeld */,
				07E2823F1BBE7840003FB7A5 /* DataController.swift */,
				07E282411BBE8738003FB7A5 /* DiaryEntryMO+CoreDataProperties.swift */,
				07E282421BBE8738003FB7A5 /* DiaryEntryMO.swift */,
				073FAD3A1BB7536000DEF3BA /* LaunchScreen.storyboard */,
				073FAD3D1BB7536000DEF3BA /* Info.plist */,
			);
			name = "Supporting Document";
			sourceTree = "<group>";
		};
		45ECB966457EF0F6FA753DA1 /* Frameworks */ = {
			isa = PBXGroup;
			children = (
				07371B8F1BC3A2CC007FC3EF /* Charts.framework */,
				07371B8D1BC3A20D007FC3EF /* Charts.framework */,
				E72E39C164D444626E6B32E9 /* Pods_TinyCal.framework */,
			);
			name = Frameworks;
			sourceTree = "<group>";
		};
		CABD6810D6D80EF911FACCCA /* Pods */ = {
			isa = PBXGroup;
			children = (
				494AA6291C5B85F12D29892A /* Pods-TinyCal.debug.xcconfig */,
				0C5DE0B3E6BE28CD31A380DF /* Pods-TinyCal.release.xcconfig */,
			);
			name = Pods;
			sourceTree = "<group>";
		};
/* End PBXGroup section */

/* Begin PBXNativeTarget section */
		073FAD2D1BB7536000DEF3BA /* TinyCal */ = {
			isa = PBXNativeTarget;
			buildConfigurationList = 073FAD561BB7536100DEF3BA /* Build configuration list for PBXNativeTarget "TinyCal" */;
			buildPhases = (
				564972A47B66D9CA7C6EA2EE /* Check Pods Manifest.lock */,
				073FAD2A1BB7536000DEF3BA /* Sources */,
				073FAD2B1BB7536000DEF3BA /* Frameworks */,
				073FAD2C1BB7536000DEF3BA /* Resources */,
				CDFC027FE65B00239C7C6945 /* Embed Pods Frameworks */,
				1FF5BDD4B31EB16F08AD68AB /* Copy Pods Resources */,
			);
			buildRules = (
			);
			dependencies = (
			);
			name = TinyCal;
			productName = TinyCal;
			productReference = 073FAD2E1BB7536000DEF3BA /* TinyDiary.app */;
			productType = "com.apple.product-type.application";
		};
		073FAD411BB7536100DEF3BA /* TinyCalTests */ = {
			isa = PBXNativeTarget;
			buildConfigurationList = 073FAD591BB7536100DEF3BA /* Build configuration list for PBXNativeTarget "TinyCalTests" */;
			buildPhases = (
				073FAD3E1BB7536100DEF3BA /* Sources */,
				073FAD3F1BB7536100DEF3BA /* Frameworks */,
				073FAD401BB7536100DEF3BA /* Resources */,
			);
			buildRules = (
			);
			dependencies = (
				073FAD441BB7536100DEF3BA /* PBXTargetDependency */,
			);
			name = TinyCalTests;
			productName = TinyCalTests;
			productReference = 073FAD421BB7536100DEF3BA /* TinyCalTests.xctest */;
			productType = "com.apple.product-type.bundle.unit-test";
		};
		073FAD4C1BB7536100DEF3BA /* TinyCalUITests */ = {
			isa = PBXNativeTarget;
			buildConfigurationList = 073FAD5C1BB7536100DEF3BA /* Build configuration list for PBXNativeTarget "TinyCalUITests" */;
			buildPhases = (
				073FAD491BB7536100DEF3BA /* Sources */,
				073FAD4A1BB7536100DEF3BA /* Frameworks */,
				073FAD4B1BB7536100DEF3BA /* Resources */,
			);
			buildRules = (
			);
			dependencies = (
				073FAD4F1BB7536100DEF3BA /* PBXTargetDependency */,
			);
			name = TinyCalUITests;
			productName = TinyCalUITests;
			productReference = 073FAD4D1BB7536100DEF3BA /* TinyCalUITests.xctest */;
			productType = "com.apple.product-type.bundle.ui-testing";
		};
/* End PBXNativeTarget section */

/* Begin PBXProject section */
		073FAD261BB7536000DEF3BA /* Project object */ = {
			isa = PBXProject;
			attributes = {
				LastUpgradeCheck = 0700;
				ORGANIZATIONNAME = "Eric Hu";
				TargetAttributes = {
					073FAD2D1BB7536000DEF3BA = {
						CreatedOnToolsVersion = 7.0;
						DevelopmentTeam = 6QJY338W4J;
					};
					073FAD411BB7536100DEF3BA = {
						CreatedOnToolsVersion = 7.0;
						DevelopmentTeam = 6QJY338W4J;
						TestTargetID = 073FAD2D1BB7536000DEF3BA;
					};
					073FAD4C1BB7536100DEF3BA = {
						CreatedOnToolsVersion = 7.0;
						DevelopmentTeam = 6QJY338W4J;
						TestTargetID = 073FAD2D1BB7536000DEF3BA;
					};
				};
			};
			buildConfigurationList = 073FAD291BB7536000DEF3BA /* Build configuration list for PBXProject "TinyCal" */;
			compatibilityVersion = "Xcode 3.2";
			developmentRegion = English;
			hasScannedForEncodings = 0;
			knownRegions = (
				en,
				Base,
			);
			mainGroup = 073FAD251BB7536000DEF3BA;
			productRefGroup = 073FAD2F1BB7536000DEF3BA /* Products */;
			projectDirPath = "";
			projectRoot = "";
			targets = (
				073FAD2D1BB7536000DEF3BA /* TinyCal */,
				073FAD411BB7536100DEF3BA /* TinyCalTests */,
				073FAD4C1BB7536100DEF3BA /* TinyCalUITests */,
			);
		};
/* End PBXProject section */

/* Begin PBXResourcesBuildPhase section */
		073FAD2C1BB7536000DEF3BA /* Resources */ = {
			isa = PBXResourcesBuildPhase;
			buildActionMask = 2147483647;
			files = (
				07BD368E1BBCF015008057D4 /* HYPPTiJ.ttf in Resources */,
				073FAD3C1BB7536000DEF3BA /* LaunchScreen.storyboard in Resources */,
				07BD368C1BBCF008008057D4 /* HYChenMeiZiJ.ttf in Resources */,
				074C4FF51BBCABF3009F1A82 /* xjlFont.ttf in Resources */,
				07BD36901BBCF023008057D4 /* HYXiaoMaiTiJ.ttf in Resources */,
				073FAD391BB7536000DEF3BA /* Assets.xcassets in Resources */,
				073FAD371BB7536000DEF3BA /* Main.storyboard in Resources */,
				07AD85A11BBB41DF007F1176 /* UIChatBubbleTableViewCell.xib in Resources */,
				07BD36921BBCF438008057D4 /* FZMiaoWu.ttf in Resources */,
			);
			runOnlyForDeploymentPostprocessing = 0;
		};
		073FAD401BB7536100DEF3BA /* Resources */ = {
			isa = PBXResourcesBuildPhase;
			buildActionMask = 2147483647;
			files = (
			);
			runOnlyForDeploymentPostprocessing = 0;
		};
		073FAD4B1BB7536100DEF3BA /* Resources */ = {
			isa = PBXResourcesBuildPhase;
			buildActionMask = 2147483647;
			files = (
			);
			runOnlyForDeploymentPostprocessing = 0;
		};
/* End PBXResourcesBuildPhase section */

/* Begin PBXShellScriptBuildPhase section */
		1FF5BDD4B31EB16F08AD68AB /* Copy Pods Resources */ = {
			isa = PBXShellScriptBuildPhase;
			buildActionMask = 2147483647;
			files = (
			);
			inputPaths = (
			);
			name = "Copy Pods Resources";
			outputPaths = (
			);
			runOnlyForDeploymentPostprocessing = 0;
			shellPath = /bin/sh;
			shellScript = "\"${SRCROOT}/Pods/Target Support Files/Pods-TinyCal/Pods-TinyCal-resources.sh\"\n";
			showEnvVarsInLog = 0;
		};
		564972A47B66D9CA7C6EA2EE /* Check Pods Manifest.lock */ = {
			isa = PBXShellScriptBuildPhase;
			buildActionMask = 2147483647;
			files = (
			);
			inputPaths = (
			);
			name = "Check Pods Manifest.lock";
			outputPaths = (
			);
			runOnlyForDeploymentPostprocessing = 0;
			shellPath = /bin/sh;
			shellScript = "diff \"${PODS_ROOT}/../Podfile.lock\" \"${PODS_ROOT}/Manifest.lock\" > /dev/null\nif [[ $? != 0 ]] ; then\n    cat << EOM\nerror: The sandbox is not in sync with the Podfile.lock. Run 'pod install' or update your CocoaPods installation.\nEOM\n    exit 1\nfi\n";
			showEnvVarsInLog = 0;
		};
		CDFC027FE65B00239C7C6945 /* Embed Pods Frameworks */ = {
			isa = PBXShellScriptBuildPhase;
			buildActionMask = 2147483647;
			files = (
			);
			inputPaths = (
			);
			name = "Embed Pods Frameworks";
			outputPaths = (
			);
			runOnlyForDeploymentPostprocessing = 0;
			shellPath = /bin/sh;
			shellScript = "\"${SRCROOT}/Pods/Target Support Files/Pods-TinyCal/Pods-TinyCal-frameworks.sh\"\n";
			showEnvVarsInLog = 0;
		};
/* End PBXShellScriptBuildPhase section */

/* Begin PBXSourcesBuildPhase section */
		073FAD2A1BB7536000DEF3BA /* Sources */ = {
			isa = PBXSourcesBuildPhase;
			buildActionMask = 2147483647;
			files = (
				07AD85A01BBB41DF007F1176 /* UIChatBubbleTableViewCell.swift in Sources */,
				07C58A661BC09BB200C13D7E /* AMButtonViewController.swift in Sources */,
				0734533F1BB8693A00BC08A4 /* SettingTableViewController.swift in Sources */,
				07E282431BBE8738003FB7A5 /* DiaryEntryMO+CoreDataProperties.swift in Sources */,
				079CDD301BB860470007B7F9 /* ProfileTableViewController.swift in Sources */,
				07C58A681BC09BB800C13D7E /* ZMaterialButton.swift in Sources */,
				079CDD2C1BB7867E0007B7F9 /* DiaryViewController.swift in Sources */,
				075004071BC10F39004C5A93 /* RAMFumeAnimation.swift in Sources */,
				07AD859F1BBB41DF007F1176 /* ChatBubbleMessage.swift in Sources */,
				075004081BC10F39004C5A93 /* RAMRotationAnimation.swift in Sources */,
				077E67181BC5AAF800EEEF87 /* StatsViewController.swift in Sources */,
				075004091BC10F39004C5A93 /* RAMTransitionItemAnimation.swift in Sources */,
				07E282401BBE7840003FB7A5 /* DataController.swift in Sources */,
				07C58A641BC09BAC00C13D7E /* ZMButtonAppDelegate.swift in Sources */,
				07A7B2A61BC84E5700B42CCB /* DiaryDetailCellScrollViewController.swift in Sources */,
				0750040A1BC10F39004C5A93 /* RAMAnimatedTabBarController.swift in Sources */,
				078755D71BB8739200C4DD6B /* CalendarViewController.swift in Sources */,
				079CDD2E1BB786CE0007B7F9 /* WriteNewViewController.swift in Sources */,
				07C79C551BBC7CCA00DC4BF5 /* DiaryDataModel.xcdatamodeld in Sources */,
				07AD859E1BBB41DF007F1176 /* ChatBubbleCellData.swift in Sources */,
				075004051BC10F39004C5A93 /* RAMBounceAnimation.swift in Sources */,
				075004061BC10F39004C5A93 /* RAMFrameItemAnimation.swift in Sources */,
				0750040B1BC10F39004C5A93 /* RAMItemAnimationProtocol.swift in Sources */,
				07E282441BBE8738003FB7A5 /* DiaryEntryMO.swift in Sources */,
			);
			runOnlyForDeploymentPostprocessing = 0;
		};
		073FAD3E1BB7536100DEF3BA /* Sources */ = {
			isa = PBXSourcesBuildPhase;
			buildActionMask = 2147483647;
			files = (
				073FAD471BB7536100DEF3BA /* TinyCalTests.swift in Sources */,
			);
			runOnlyForDeploymentPostprocessing = 0;
		};
		073FAD491BB7536100DEF3BA /* Sources */ = {
			isa = PBXSourcesBuildPhase;
			buildActionMask = 2147483647;
			files = (
				073FAD521BB7536100DEF3BA /* TinyCalUITests.swift in Sources */,
			);
			runOnlyForDeploymentPostprocessing = 0;
		};
/* End PBXSourcesBuildPhase section */

/* Begin PBXTargetDependency section */
		073FAD441BB7536100DEF3BA /* PBXTargetDependency */ = {
			isa = PBXTargetDependency;
			target = 073FAD2D1BB7536000DEF3BA /* TinyCal */;
			targetProxy = 073FAD431BB7536100DEF3BA /* PBXContainerItemProxy */;
		};
		073FAD4F1BB7536100DEF3BA /* PBXTargetDependency */ = {
			isa = PBXTargetDependency;
			target = 073FAD2D1BB7536000DEF3BA /* TinyCal */;
			targetProxy = 073FAD4E1BB7536100DEF3BA /* PBXContainerItemProxy */;
		};
/* End PBXTargetDependency section */

/* Begin PBXVariantGroup section */
		073FAD351BB7536000DEF3BA /* Main.storyboard */ = {
			isa = PBXVariantGroup;
			children = (
				073FAD361BB7536000DEF3BA /* Base */,
			);
			name = Main.storyboard;
			sourceTree = "<group>";
		};
		073FAD3A1BB7536000DEF3BA /* LaunchScreen.storyboard */ = {
			isa = PBXVariantGroup;
			children = (
				073FAD3B1BB7536000DEF3BA /* Base */,
			);
			name = LaunchScreen.storyboard;
			sourceTree = "<group>";
		};
/* End PBXVariantGroup section */

/* Begin XCBuildConfiguration section */
		073FAD541BB7536100DEF3BA /* Debug */ = {
			isa = XCBuildConfiguration;
			buildSettings = {
				ALWAYS_SEARCH_USER_PATHS = NO;
				CLANG_CXX_LANGUAGE_STANDARD = "gnu++0x";
				CLANG_CXX_LIBRARY = "libc++";
				CLANG_ENABLE_MODULES = YES;
				CLANG_ENABLE_OBJC_ARC = YES;
				CLANG_WARN_BOOL_CONVERSION = YES;
				CLANG_WARN_CONSTANT_CONVERSION = YES;
				CLANG_WARN_DIRECT_OBJC_ISA_USAGE = YES_ERROR;
				CLANG_WARN_EMPTY_BODY = YES;
				CLANG_WARN_ENUM_CONVERSION = YES;
				CLANG_WARN_INT_CONVERSION = YES;
				CLANG_WARN_OBJC_ROOT_CLASS = YES_ERROR;
				CLANG_WARN_UNREACHABLE_CODE = YES;
				CLANG_WARN__DUPLICATE_METHOD_MATCH = YES;
				"CODE_SIGN_IDENTITY[sdk=iphoneos*]" = "iPhone Developer";
				COPY_PHASE_STRIP = NO;
				DEBUG_INFORMATION_FORMAT = dwarf;
				ENABLE_STRICT_OBJC_MSGSEND = YES;
				ENABLE_TESTABILITY = YES;
				GCC_C_LANGUAGE_STANDARD = gnu99;
				GCC_DYNAMIC_NO_PIC = NO;
				GCC_NO_COMMON_BLOCKS = YES;
				GCC_OPTIMIZATION_LEVEL = 0;
				GCC_PREPROCESSOR_DEFINITIONS = (
					"DEBUG=1",
					"$(inherited)",
				);
				GCC_WARN_64_TO_32_BIT_CONVERSION = YES;
				GCC_WARN_ABOUT_RETURN_TYPE = YES_ERROR;
				GCC_WARN_UNDECLARED_SELECTOR = YES;
				GCC_WARN_UNINITIALIZED_AUTOS = YES_AGGRESSIVE;
				GCC_WARN_UNUSED_FUNCTION = YES;
				GCC_WARN_UNUSED_VARIABLE = YES;
				IPHONEOS_DEPLOYMENT_TARGET = 9.0;
				MTL_ENABLE_DEBUG_INFO = YES;
				ONLY_ACTIVE_ARCH = YES;
				SDKROOT = iphoneos;
				SWIFT_OPTIMIZATION_LEVEL = "-Onone";
			};
			name = Debug;
		};
		073FAD551BB7536100DEF3BA /* Release */ = {
			isa = XCBuildConfiguration;
			buildSettings = {
				ALWAYS_SEARCH_USER_PATHS = NO;
				CLANG_CXX_LANGUAGE_STANDARD = "gnu++0x";
				CLANG_CXX_LIBRARY = "libc++";
				CLANG_ENABLE_MODULES = YES;
				CLANG_ENABLE_OBJC_ARC = YES;
				CLANG_WARN_BOOL_CONVERSION = YES;
				CLANG_WARN_CONSTANT_CONVERSION = YES;
				CLANG_WARN_DIRECT_OBJC_ISA_USAGE = YES_ERROR;
				CLANG_WARN_EMPTY_BODY = YES;
				CLANG_WARN_ENUM_CONVERSION = YES;
				CLANG_WARN_INT_CONVERSION = YES;
				CLANG_WARN_OBJC_ROOT_CLASS = YES_ERROR;
				CLANG_WARN_UNREACHABLE_CODE = YES;
				CLANG_WARN__DUPLICATE_METHOD_MATCH = YES;
				"CODE_SIGN_IDENTITY[sdk=iphoneos*]" = "iPhone Developer";
				COPY_PHASE_STRIP = NO;
				DEBUG_INFORMATION_FORMAT = "dwarf-with-dsym";
				ENABLE_NS_ASSERTIONS = NO;
				ENABLE_STRICT_OBJC_MSGSEND = YES;
				GCC_C_LANGUAGE_STANDARD = gnu99;
				GCC_NO_COMMON_BLOCKS = YES;
				GCC_WARN_64_TO_32_BIT_CONVERSION = YES;
				GCC_WARN_ABOUT_RETURN_TYPE = YES_ERROR;
				GCC_WARN_UNDECLARED_SELECTOR = YES;
				GCC_WARN_UNINITIALIZED_AUTOS = YES_AGGRESSIVE;
				GCC_WARN_UNUSED_FUNCTION = YES;
				GCC_WARN_UNUSED_VARIABLE = YES;
				IPHONEOS_DEPLOYMENT_TARGET = 9.0;
				MTL_ENABLE_DEBUG_INFO = NO;
				SDKROOT = iphoneos;
				VALIDATE_PRODUCT = YES;
			};
			name = Release;
		};
		073FAD571BB7536100DEF3BA /* Debug */ = {
			isa = XCBuildConfiguration;
			baseConfigurationReference = 494AA6291C5B85F12D29892A /* Pods-TinyCal.debug.xcconfig */;
			buildSettings = {
				ASSETCATALOG_COMPILER_APPICON_NAME = AppIcon;
				FRAMEWORK_SEARCH_PATHS = (
					"$(inherited)",
					"$(PROJECT_DIR)/build/Debug-iphoneos",
				);
				INFOPLIST_FILE = TinyCal/Info.plist;
				IPHONEOS_DEPLOYMENT_TARGET = 9.0;
				LD_RUNPATH_SEARCH_PATHS = "$(inherited) @executable_path/Frameworks";
				PRODUCT_BUNDLE_IDENTIFIER = EH.TinyDiary;
				PRODUCT_NAME = TinyDiary;
			};
			name = Debug;
		};
		073FAD581BB7536100DEF3BA /* Release */ = {
			isa = XCBuildConfiguration;
			baseConfigurationReference = 0C5DE0B3E6BE28CD31A380DF /* Pods-TinyCal.release.xcconfig */;
			buildSettings = {
				ASSETCATALOG_COMPILER_APPICON_NAME = AppIcon;
				FRAMEWORK_SEARCH_PATHS = (
					"$(inherited)",
					"$(PROJECT_DIR)/build/Debug-iphoneos",
				);
				INFOPLIST_FILE = TinyCal/Info.plist;
				IPHONEOS_DEPLOYMENT_TARGET = 9.0;
				LD_RUNPATH_SEARCH_PATHS = "$(inherited) @executable_path/Frameworks";
				PRODUCT_BUNDLE_IDENTIFIER = EH.TinyDiary;
				PRODUCT_NAME = TinyDiary;
			};
			name = Release;
		};
		073FAD5A1BB7536100DEF3BA /* Debug */ = {
			isa = XCBuildConfiguration;
			buildSettings = {
				BUNDLE_LOADER = "$(TEST_HOST)";
				INFOPLIST_FILE = TinyCalTests/Info.plist;
				LD_RUNPATH_SEARCH_PATHS = "$(inherited) @executable_path/Frameworks @loader_path/Frameworks";
				PRODUCT_BUNDLE_IDENTIFIER = EH.TinyCalTests;
				PRODUCT_NAME = "$(TARGET_NAME)";
				TEST_HOST = "$(BUILT_PRODUCTS_DIR)/TinyCal.app/TinyCal";
			};
			name = Debug;
		};
		073FAD5B1BB7536100DEF3BA /* Release */ = {
			isa = XCBuildConfiguration;
			buildSettings = {
				BUNDLE_LOADER = "$(TEST_HOST)";
				INFOPLIST_FILE = TinyCalTests/Info.plist;
				LD_RUNPATH_SEARCH_PATHS = "$(inherited) @executable_path/Frameworks @loader_path/Frameworks";
				PRODUCT_BUNDLE_IDENTIFIER = EH.TinyCalTests;
				PRODUCT_NAME = "$(TARGET_NAME)";
				TEST_HOST = "$(BUILT_PRODUCTS_DIR)/TinyCal.app/TinyCal";
			};
			name = Release;
		};
		073FAD5D1BB7536100DEF3BA /* Debug */ = {
			isa = XCBuildConfiguration;
			buildSettings = {
				INFOPLIST_FILE = TinyCalUITests/Info.plist;
				LD_RUNPATH_SEARCH_PATHS = "$(inherited) @executable_path/Frameworks @loader_path/Frameworks";
				PRODUCT_BUNDLE_IDENTIFIER = EH.TinyCalUITests;
				PRODUCT_NAME = "$(TARGET_NAME)";
				TEST_TARGET_NAME = TinyCal;
				USES_XCTRUNNER = YES;
			};
			name = Debug;
		};
		073FAD5E1BB7536100DEF3BA /* Release */ = {
			isa = XCBuildConfiguration;
			buildSettings = {
				INFOPLIST_FILE = TinyCalUITests/Info.plist;
				LD_RUNPATH_SEARCH_PATHS = "$(inherited) @executable_path/Frameworks @loader_path/Frameworks";
				PRODUCT_BUNDLE_IDENTIFIER = EH.TinyCalUITests;
				PRODUCT_NAME = "$(TARGET_NAME)";
				TEST_TARGET_NAME = TinyCal;
				USES_XCTRUNNER = YES;
			};
			name = Release;
		};
/* End XCBuildConfiguration section */

/* Begin XCConfigurationList section */
		073FAD291BB7536000DEF3BA /* Build configuration list for PBXProject "TinyCal" */ = {
			isa = XCConfigurationList;
			buildConfigurations = (
				073FAD541BB7536100DEF3BA /* Debug */,
				073FAD551BB7536100DEF3BA /* Release */,
			);
			defaultConfigurationIsVisible = 0;
			defaultConfigurationName = Release;
		};
		073FAD561BB7536100DEF3BA /* Build configuration list for PBXNativeTarget "TinyCal" */ = {
			isa = XCConfigurationList;
			buildConfigurations = (
				073FAD571BB7536100DEF3BA /* Debug */,
				073FAD581BB7536100DEF3BA /* Release */,
			);
			defaultConfigurationIsVisible = 0;
			defaultConfigurationName = Release;
		};
		073FAD591BB7536100DEF3BA /* Build configuration list for PBXNativeTarget "TinyCalTests" */ = {
			isa = XCConfigurationList;
			buildConfigurations = (
				073FAD5A1BB7536100DEF3BA /* Debug */,
				073FAD5B1BB7536100DEF3BA /* Release */,
			);
			defaultConfigurationIsVisible = 0;
			defaultConfigurationName = Release;
		};
		073FAD5C1BB7536100DEF3BA /* Build configuration list for PBXNativeTarget "TinyCalUITests" */ = {
			isa = XCConfigurationList;
			buildConfigurations = (
				073FAD5D1BB7536100DEF3BA /* Debug */,
				073FAD5E1BB7536100DEF3BA /* Release */,
			);
			defaultConfigurationIsVisible = 0;
			defaultConfigurationName = Release;
		};
/* End XCConfigurationList section */

/* Begin XCVersionGroup section */
		07C79C531BBC7CCA00DC4BF5 /* DiaryDataModel.xcdatamodeld */ = {
			isa = XCVersionGroup;
			children = (
				07C79C541BBC7CCA00DC4BF5 /* DiaryDataModel.xcdatamodel */,
			);
			currentVersion = 07C79C541BBC7CCA00DC4BF5 /* DiaryDataModel.xcdatamodel */;
			path = DiaryDataModel.xcdatamodeld;
			sourceTree = "<group>";
			versionGroupType = wrapper.xcdatamodel;
		};
/* End XCVersionGroup section */
	};
	rootObject = 073FAD261BB7536000DEF3BA /* Project object */;
}
